{
  "originHash" : "9498f59f44427b0d74643c771308a1a31e677edc97ddb6b9311a46b9be01d1e0",
  "pins" : [
    {
      "identity" : "channelswift",
      "kind" : "remoteSourceControl",
      "location" : "https://github.com/v57/ChannelSwift.git",
      "state" : {
        "branch" : "main",
        "revision" : "99989fb3cde3865590d9ec88371df7067237b0a8"
      }
    }
  ],
  "version" : 3
}
